
Microsoft Visual Studio Solution File, Format Version 12.00
# Visual Studio Version 17
VisualStudioVersion = 17.12.35527.113
MinimumVisualStudioVersion = 10.0.40219.1
Project("{FAE04EC0-301F-11D3-BF4B-00C04F79EFBC}") = "Wildlife_API", "Wildlife_API\Wildlife_API.csproj", "{AEA9BA2F-C680-4A32-AEEB-679E18686CD9}"
EndProject
Project("{FAE04EC0-301F-11D3-BF4B-00C04F79EFBC}") = "Wildlife_DAL", "Wildlife_DAL\Wildlife_DAL.csproj", "{2E4A9C7E-54C6-4C3B-841B-CB415B602640}"
EndProject
Project("{FAE04EC0-301F-11D3-BF4B-00C04F79EFBC}") = "Wildlife_BLL", "Wildlife_BLL\Wildlife_BLL.csproj", "{8A3B54AC-A638-4BEE-99AC-9C81D9E749CE}"
EndProject
Project("{FAE04EC0-301F-11D3-BF4B-00C04F79EFBC}") = "Wildlife_Tests", "Wildlife_Tests\Wildlife_Tests.csproj", "{D0DF7CFD-3393-4853-A5BB-669DFCBA1BF7}"
EndProject
Global
	GlobalSection(SolutionConfigurationPlatforms) = preSolution
		Debug|Any CPU = Debug|Any CPU
		Release|Any CPU = Release|Any CPU
	EndGlobalSection
	GlobalSection(ProjectConfigurationPlatforms) = postSolution
		{AEA9BA2F-C680-4A32-AEEB-679E18686CD9}.Debug|Any CPU.ActiveCfg = Debug|Any CPU
		{AEA9BA2F-C680-4A32-AEEB-679E18686CD9}.Debug|Any CPU.Build.0 = Debug|Any CPU
		{AEA9BA2F-C680-4A32-AEEB-679E18686CD9}.Release|Any CPU.ActiveCfg = Release|Any CPU
		{AEA9BA2F-C680-4A32-AEEB-679E18686CD9}.Release|Any CPU.Build.0 = Release|Any CPU
		{2E4A9C7E-54C6-4C3B-841B-CB415B602640}.Debug|Any CPU.ActiveCfg = Debug|Any CPU
		{2E4A9C7E-54C6-4C3B-841B-CB415B602640}.Debug|Any CPU.Build.0 = Debug|Any CPU
		{2E4A9C7E-54C6-4C3B-841B-CB415B602640}.Release|Any CPU.ActiveCfg = Release|Any CPU
		{2E4A9C7E-54C6-4C3B-841B-CB415B602640}.Release|Any CPU.Build.0 = Release|Any CPU
		{8A3B54AC-A638-4BEE-99AC-9C81D9E749CE}.Debug|Any CPU.ActiveCfg = Debug|Any CPU
		{8A3B54AC-A638-4BEE-99AC-9C81D9E749CE}.Debug|Any CPU.Build.0 = Debug|Any CPU
		{8A3B54AC-A638-4BEE-99AC-9C81D9E749CE}.Release|Any CPU.ActiveCfg = Release|Any CPU
		{8A3B54AC-A638-4BEE-99AC-9C81D9E749CE}.Release|Any CPU.Build.0 = Release|Any CPU
		{D0DF7CFD-3393-4853-A5BB-669DFCBA1BF7}.Debug|Any CPU.ActiveCfg = Debug|Any CPU
		{D0DF7CFD-3393-4853-A5BB-669DFCBA1BF7}.Debug|Any CPU.Build.0 = Debug|Any CPU
		{D0DF7CFD-3393-4853-A5BB-669DFCBA1BF7}.Release|Any CPU.ActiveCfg = Release|Any CPU
		{D0DF7CFD-3393-4853-A5BB-669DFCBA1BF7}.Release|Any CPU.Build.0 = Release|Any CPU
	EndGlobalSection
	GlobalSection(SolutionProperties) = preSolution
		HideSolutionNode = FALSE
	EndGlobalSection
EndGlobal
